// !$*UTF8*$!
{
	archiveVersion = 1;
	classes = {
	};
	objectVersion = 55;
	objects = {

/* Begin PBXBuildFile section */
		884834E72882C688000270B7 /* AppDelegate.swift in Sources */ = {isa = PBXBuildFile; fileRef = 884834E62882C688000270B7 /* AppDelegate.swift */; };
		884834E92882C688000270B7 /* SceneDelegate.swift in Sources */ = {isa = PBXBuildFile; fileRef = 884834E82882C688000270B7 /* SceneDelegate.swift */; };
		884834EB2882C688000270B7 /* MainViewController.swift in Sources */ = {isa = PBXBuildFile; fileRef = 884834EA2882C688000270B7 /* MainViewController.swift */; };
		884834EE2882C688000270B7 /* Main.storyboard in Resources */ = {isa = PBXBuildFile; fileRef = 884834EC2882C688000270B7 /* Main.storyboard */; };
		884834F02882C689000270B7 /* Assets.xcassets in Resources */ = {isa = PBXBuildFile; fileRef = 884834EF2882C689000270B7 /* Assets.xcassets */; };
		884834F32882C689000270B7 /* LaunchScreen.storyboard in Resources */ = {isa = PBXBuildFile; fileRef = 884834F12882C689000270B7 /* LaunchScreen.storyboard */; };
		884834FE2882C689000270B7 /* FilmsAppTests.swift in Sources */ = {isa = PBXBuildFile; fileRef = 884834FD2882C689000270B7 /* FilmsAppTests.swift */; };
		884835082882C689000270B7 /* FilmsAppUITests.swift in Sources */ = {isa = PBXBuildFile; fileRef = 884835072882C689000270B7 /* FilmsAppUITests.swift */; };
		8848350A2882C689000270B7 /* FilmsAppUITestsLaunchTests.swift in Sources */ = {isa = PBXBuildFile; fileRef = 884835092882C689000270B7 /* FilmsAppUITestsLaunchTests.swift */; };
		884835172882D993000270B7 /* DetailFilmViewController.swift in Sources */ = {isa = PBXBuildFile; fileRef = 884835162882D993000270B7 /* DetailFilmViewController.swift */; };
		884835192882D9C6000270B7 /* FilmPicsViewController.swift in Sources */ = {isa = PBXBuildFile; fileRef = 884835182882D9C6000270B7 /* FilmPicsViewController.swift */; };
		8848351B2882D9D6000270B7 /* FullPicViewController.swift in Sources */ = {isa = PBXBuildFile; fileRef = 8848351A2882D9D6000270B7 /* FullPicViewController.swift */; };
		8848351D2882D9E5000270B7 /* FavoriteFilmsViewController.swift in Sources */ = {isa = PBXBuildFile; fileRef = 8848351C2882D9E5000270B7 /* FavoriteFilmsViewController.swift */; };
		8848351F2885A3AE000270B7 /* JSONModel.swift in Sources */ = {isa = PBXBuildFile; fileRef = 8848351E2885A3AE000270B7 /* JSONModel.swift */; };
		884835212885AA69000270B7 /* FilmCollectionViewCell.swift in Sources */ = {isa = PBXBuildFile; fileRef = 884835202885AA69000270B7 /* FilmCollectionViewCell.swift */; };
		88DC65522891C83D00E83727 /* FilmCollectionViewCell.xib in Resources */ = {isa = PBXBuildFile; fileRef = 88DC65512891C83D00E83727 /* FilmCollectionViewCell.xib */; };
		88DC65542895813B00E83727 /* .swiftlint.yml in Resources */ = {isa = PBXBuildFile; fileRef = 88DC65532895813B00E83727 /* .swiftlint.yml */; };
		88DC655628A3831E00E83727 /* PosterFullViewController.swift in Sources */ = {isa = PBXBuildFile; fileRef = 88DC655528A3831E00E83727 /* PosterFullViewController.swift */; };
/* End PBXBuildFile section */

/* Begin PBXContainerItemProxy section */
		884834FA2882C689000270B7 /* PBXContainerItemProxy */ = {
			isa = PBXContainerItemProxy;
			containerPortal = 884834DB2882C688000270B7 /* Project object */;
			proxyType = 1;
			remoteGlobalIDString = 884834E22882C688000270B7;
			remoteInfo = FilmsApp;
		};
		884835042882C689000270B7 /* PBXContainerItemProxy */ = {
			isa = PBXContainerItemProxy;
			containerPortal = 884834DB2882C688000270B7 /* Project object */;
			proxyType = 1;
			remoteGlobalIDString = 884834E22882C688000270B7;
			remoteInfo = FilmsApp;
		};
/* End PBXContainerItemProxy section */

/* Begin PBXFileReference section */
		884834E32882C688000270B7 /* FilmsApp.app */ = {isa = PBXFileReference; explicitFileType = wrapper.application; includeInIndex = 0; path = FilmsApp.app; sourceTree = BUILT_PRODUCTS_DIR; };
		884834E62882C688000270B7 /* AppDelegate.swift */ = {isa = PBXFileReference; lastKnownFileType = sourcecode.swift; path = AppDelegate.swift; sourceTree = "<group>"; };
		884834E82882C688000270B7 /* SceneDelegate.swift */ = {isa = PBXFileReference; lastKnownFileType = sourcecode.swift; path = SceneDelegate.swift; sourceTree = "<group>"; };
		884834EA2882C688000270B7 /* MainViewController.swift */ = {isa = PBXFileReference; lastKnownFileType = sourcecode.swift; path = MainViewController.swift; sourceTree = "<group>"; };
		884834ED2882C688000270B7 /* Base */ = {isa = PBXFileReference; lastKnownFileType = file.storyboard; name = Base; path = Base.lproj/Main.storyboard; sourceTree = "<group>"; };
		884834EF2882C689000270B7 /* Assets.xcassets */ = {isa = PBXFileReference; lastKnownFileType = folder.assetcatalog; path = Assets.xcassets; sourceTree = "<group>"; };
		884834F22882C689000270B7 /* Base */ = {isa = PBXFileReference; lastKnownFileType = file.storyboard; name = Base; path = Base.lproj/LaunchScreen.storyboard; sourceTree = "<group>"; };
		884834F42882C689000270B7 /* Info.plist */ = {isa = PBXFileReference; lastKnownFileType = text.plist.xml; path = Info.plist; sourceTree = "<group>"; };
		884834F92882C689000270B7 /* FilmsAppTests.xctest */ = {isa = PBXFileReference; explicitFileType = wrapper.cfbundle; includeInIndex = 0; path = FilmsAppTests.xctest; sourceTree = BUILT_PRODUCTS_DIR; };
		884834FD2882C689000270B7 /* FilmsAppTests.swift */ = {isa = PBXFileReference; lastKnownFileType = sourcecode.swift; path = FilmsAppTests.swift; sourceTree = "<group>"; };
		884835032882C689000270B7 /* FilmsAppUITests.xctest */ = {isa = PBXFileReference; explicitFileType = wrapper.cfbundle; includeInIndex = 0; path = FilmsAppUITests.xctest; sourceTree = BUILT_PRODUCTS_DIR; };
		884835072882C689000270B7 /* FilmsAppUITests.swift */ = {isa = PBXFileReference; lastKnownFileType = sourcecode.swift; path = FilmsAppUITests.swift; sourceTree = "<group>"; };
		884835092882C689000270B7 /* FilmsAppUITestsLaunchTests.swift */ = {isa = PBXFileReference; lastKnownFileType = sourcecode.swift; path = FilmsAppUITestsLaunchTests.swift; sourceTree = "<group>"; };
		884835162882D993000270B7 /* DetailFilmViewController.swift */ = {isa = PBXFileReference; lastKnownFileType = sourcecode.swift; path = DetailFilmViewController.swift; sourceTree = "<group>"; };
		884835182882D9C6000270B7 /* FilmPicsViewController.swift */ = {isa = PBXFileReference; lastKnownFileType = sourcecode.swift; path = FilmPicsViewController.swift; sourceTree = "<group>"; };
		8848351A2882D9D6000270B7 /* FullPicViewController.swift */ = {isa = PBXFileReference; lastKnownFileType = sourcecode.swift; path = FullPicViewController.swift; sourceTree = "<group>"; };
		8848351C2882D9E5000270B7 /* FavoriteFilmsViewController.swift */ = {isa = PBXFileReference; lastKnownFileType = sourcecode.swift; path = FavoriteFilmsViewController.swift; sourceTree = "<group>"; };
		8848351E2885A3AE000270B7 /* JSONModel.swift */ = {isa = PBXFileReference; lastKnownFileType = sourcecode.swift; path = JSONModel.swift; sourceTree = "<group>"; };
		884835202885AA69000270B7 /* FilmCollectionViewCell.swift */ = {isa = PBXFileReference; lastKnownFileType = sourcecode.swift; path = FilmCollectionViewCell.swift; sourceTree = "<group>"; };
		88DC65512891C83D00E83727 /* FilmCollectionViewCell.xib */ = {isa = PBXFileReference; lastKnownFileType = file.xib; path = FilmCollectionViewCell.xib; sourceTree = "<group>"; };
		88DC65532895813B00E83727 /* .swiftlint.yml */ = {isa = PBXFileReference; lastKnownFileType = text.yaml; path = .swiftlint.yml; sourceTree = "<group>"; };
		88DC655528A3831E00E83727 /* PosterFullViewController.swift */ = {isa = PBXFileReference; lastKnownFileType = sourcecode.swift; path = PosterFullViewController.swift; sourceTree = "<group>"; };
/* End PBXFileReference section */

/* Begin PBXFrameworksBuildPhase section */
		884834E02882C688000270B7 /* Frameworks */ = {
			isa = PBXFrameworksBuildPhase;
			buildActionMask = 2147483647;
			files = (
			);
			runOnlyForDeploymentPostprocessing = 0;
		};
		884834F62882C689000270B7 /* Frameworks */ = {
			isa = PBXFrameworksBuildPhase;
			buildActionMask = 2147483647;
			files = (
			);
			runOnlyForDeploymentPostprocessing = 0;
		};
		884835002882C689000270B7 /* Frameworks */ = {
			isa = PBXFrameworksBuildPhase;
			buildActionMask = 2147483647;
			files = (
			);
			runOnlyForDeploymentPostprocessing = 0;
		};
/* End PBXFrameworksBuildPhase section */

/* Begin PBXGroup section */
		884834DA2882C688000270B7 = {
			isa = PBXGroup;
			children = (
				88DC65532895813B00E83727 /* .swiftlint.yml */,
				884834E52882C688000270B7 /* FilmsApp */,
				884834FC2882C689000270B7 /* FilmsAppTests */,
				884835062882C689000270B7 /* FilmsAppUITests */,
				884834E42882C688000270B7 /* Products */,
			);
			sourceTree = "<group>";
		};
		884834E42882C688000270B7 /* Products */ = {
			isa = PBXGroup;
			children = (
				884834E32882C688000270B7 /* FilmsApp.app */,
				884834F92882C689000270B7 /* FilmsAppTests.xctest */,
				884835032882C689000270B7 /* FilmsAppUITests.xctest */,
			);
			name = Products;
			sourceTree = "<group>";
		};
		884834E52882C688000270B7 /* FilmsApp */ = {
			isa = PBXGroup;
			children = (
				884834E62882C688000270B7 /* AppDelegate.swift */,
				884834E82882C688000270B7 /* SceneDelegate.swift */,
				884834EA2882C688000270B7 /* MainViewController.swift */,
				884834EC2882C688000270B7 /* Main.storyboard */,
				88DC655528A3831E00E83727 /* PosterFullViewController.swift */,
				88DC65512891C83D00E83727 /* FilmCollectionViewCell.xib */,
				884835202885AA69000270B7 /* FilmCollectionViewCell.swift */,
				8848351E2885A3AE000270B7 /* JSONModel.swift */,
				8848351A2882D9D6000270B7 /* FullPicViewController.swift */,
				8848351C2882D9E5000270B7 /* FavoriteFilmsViewController.swift */,
				884835182882D9C6000270B7 /* FilmPicsViewController.swift */,
				884835162882D993000270B7 /* DetailFilmViewController.swift */,
				884834EF2882C689000270B7 /* Assets.xcassets */,
				884834F12882C689000270B7 /* LaunchScreen.storyboard */,
				884834F42882C689000270B7 /* Info.plist */,
			);
			path = FilmsApp;
			sourceTree = "<group>";
		};
		884834FC2882C689000270B7 /* FilmsAppTests */ = {
			isa = PBXGroup;
			children = (
				884834FD2882C689000270B7 /* FilmsAppTests.swift */,
			);
			path = FilmsAppTests;
			sourceTree = "<group>";
		};
		884835062882C689000270B7 /* FilmsAppUITests */ = {
			isa = PBXGroup;
			children = (
				884835072882C689000270B7 /* FilmsAppUITests.swift */,
				884835092882C689000270B7 /* FilmsAppUITestsLaunchTests.swift */,
			);
			path = FilmsAppUITests;
			sourceTree = "<group>";
		};
/* End PBXGroup section */

/* Begin PBXNativeTarget section */
		884834E22882C688000270B7 /* FilmsApp */ = {
			isa = PBXNativeTarget;
			buildConfigurationList = 8848350D2882C689000270B7 /* Build configuration list for PBXNativeTarget "FilmsApp" */;
			buildPhases = (
				884834DF2882C688000270B7 /* Sources */,
				884834E02882C688000270B7 /* Frameworks */,
				884834E12882C688000270B7 /* Resources */,
				884A9FC2288FB0B10047CAA9 /* ShellScript */,
			);
			buildRules = (
			);
			dependencies = (
			);
			name = FilmsApp;
			productName = FilmsApp;
			productReference = 884834E32882C688000270B7 /* FilmsApp.app */;
			productType = "com.apple.product-type.application";
		};
		884834F82882C689000270B7 /* FilmsAppTests */ = {
			isa = PBXNativeTarget;
			buildConfigurationList = 884835102882C689000270B7 /* Build configuration list for PBXNativeTarget "FilmsAppTests" */;
			buildPhases = (
				884834F52882C689000270B7 /* Sources */,
				884834F62882C689000270B7 /* Frameworks */,
				884834F72882C689000270B7 /* Resources */,
			);
			buildRules = (
			);
			dependencies = (
				884834FB2882C689000270B7 /* PBXTargetDependency */,
			);
			name = FilmsAppTests;
			productName = FilmsAppTests;
			productReference = 884834F92882C689000270B7 /* FilmsAppTests.xctest */;
			productType = "com.apple.product-type.bundle.unit-test";
		};
		884835022882C689000270B7 /* FilmsAppUITests */ = {
			isa = PBXNativeTarget;
			buildConfigurationList = 884835132882C689000270B7 /* Build configuration list for PBXNativeTarget "FilmsAppUITests" */;
			buildPhases = (
				884834FF2882C689000270B7 /* Sources */,
				884835002882C689000270B7 /* Frameworks */,
				884835012882C689000270B7 /* Resources */,
			);
			buildRules = (
			);
			dependencies = (
				884835052882C689000270B7 /* PBXTargetDependency */,
			);
			name = FilmsAppUITests;
			productName = FilmsAppUITests;
			productReference = 884835032882C689000270B7 /* FilmsAppUITests.xctest */;
			productType = "com.apple.product-type.bundle.ui-testing";
		};
/* End PBXNativeTarget section */

/* Begin PBXProject section */
		884834DB2882C688000270B7 /* Project object */ = {
			isa = PBXProject;
			attributes = {
				BuildIndependentTargetsInParallel = 1;
				LastSwiftUpdateCheck = 1340;
				LastUpgradeCheck = 1340;
				TargetAttributes = {
					884834E22882C688000270B7 = {
						CreatedOnToolsVersion = 13.4.1;
					};
					884834F82882C689000270B7 = {
						CreatedOnToolsVersion = 13.4.1;
						TestTargetID = 884834E22882C688000270B7;
					};
					884835022882C689000270B7 = {
						CreatedOnToolsVersion = 13.4.1;
						TestTargetID = 884834E22882C688000270B7;
					};
				};
			};
			buildConfigurationList = 884834DE2882C688000270B7 /* Build configuration list for PBXProject "FilmsApp" */;
			compatibilityVersion = "Xcode 13.0";
			developmentRegion = en;
			hasScannedForEncodings = 0;
			knownRegions = (
				en,
				Base,
			);
			mainGroup = 884834DA2882C688000270B7;
			productRefGroup = 884834E42882C688000270B7 /* Products */;
			projectDirPath = "";
			projectRoot = "";
			targets = (
				884834E22882C688000270B7 /* FilmsApp */,
				884834F82882C689000270B7 /* FilmsAppTests */,
				884835022882C689000270B7 /* FilmsAppUITests */,
			);
		};
/* End PBXProject section */

/* Begin PBXResourcesBuildPhase section */
		884834E12882C688000270B7 /* Resources */ = {
			isa = PBXResourcesBuildPhase;
			buildActionMask = 2147483647;
			files = (
				88DC65542895813B00E83727 /* .swiftlint.yml in Resources */,
				884834F32882C689000270B7 /* LaunchScreen.storyboard in Resources */,
				884834F02882C689000270B7 /* Assets.xcassets in Resources */,
				88DC65522891C83D00E83727 /* FilmCollectionViewCell.xib in Resources */,
				884834EE2882C688000270B7 /* Main.storyboard in Resources */,
			);
			runOnlyForDeploymentPostprocessing = 0;
		};
		884834F72882C689000270B7 /* Resources */ = {
			isa = PBXResourcesBuildPhase;
			buildActionMask = 2147483647;
			files = (
			);
			runOnlyForDeploymentPostprocessing = 0;
		};
		884835012882C689000270B7 /* Resources */ = {
			isa = PBXResourcesBuildPhase;
			buildActionMask = 2147483647;
			files = (
			);
			runOnlyForDeploymentPostprocessing = 0;
		};
/* End PBXResourcesBuildPhase section */

/* Begin PBXShellScriptBuildPhase section */
		884A9FC2288FB0B10047CAA9 /* ShellScript */ = {
			isa = PBXShellScriptBuildPhase;
			buildActionMask = 2147483647;
			files = (
			);
			inputFileListPaths = (
			);
			inputPaths = (
			);
			outputFileListPaths = (
			);
			outputPaths = (
			);
			runOnlyForDeploymentPostprocessing = 0;
			shellPath = /bin/sh;
			shellScript = "if which swiftlint >/dev/null; then\n    swiftlint\n    #echo \"skip\"\nelse\n    echo \"warning: SwiftLint not installed, download from https://github.com/realm/SwiftLint\"\n    exit 1\nfi\n";
		};
/* End PBXShellScriptBuildPhase section */

/* Begin PBXSourcesBuildPhase section */
		884834DF2882C688000270B7 /* Sources */ = {
			isa = PBXSourcesBuildPhase;
			buildActionMask = 2147483647;
			files = (
				8848351D2882D9E5000270B7 /* FavoriteFilmsViewController.swift in Sources */,
				8848351B2882D9D6000270B7 /* FullPicViewController.swift in Sources */,
				884834EB2882C688000270B7 /* MainViewController.swift in Sources */,
				884834E72882C688000270B7 /* AppDelegate.swift in Sources */,
				884834E92882C688000270B7 /* SceneDelegate.swift in Sources */,
				8848351F2885A3AE000270B7 /* JSONModel.swift in Sources */,
				88DC655628A3831E00E83727 /* PosterFullViewController.swift in Sources */,
				884835212885AA69000270B7 /* FilmCollectionViewCell.swift in Sources */,
				884835192882D9C6000270B7 /* FilmPicsViewController.swift in Sources */,
				884835172882D993000270B7 /* DetailFilmViewController.swift in Sources */,
			);
			runOnlyForDeploymentPostprocessing = 0;
		};
		884834F52882C689000270B7 /* Sources */ = {
			isa = PBXSourcesBuildPhase;
			buildActionMask = 2147483647;
			files = (
				884834FE2882C689000270B7 /* FilmsAppTests.swift in Sources */,
			);
			runOnlyForDeploymentPostprocessing = 0;
		};
		884834FF2882C689000270B7 /* Sources */ = {
			isa = PBXSourcesBuildPhase;
			buildActionMask = 2147483647;
			files = (
				8848350A2882C689000270B7 /* FilmsAppUITestsLaunchTests.swift in Sources */,
				884835082882C689000270B7 /* FilmsAppUITests.swift in Sources */,
			);
			runOnlyForDeploymentPostprocessing = 0;
		};
/* End PBXSourcesBuildPhase section */

/* Begin PBXTargetDependency section */
		884834FB2882C689000270B7 /* PBXTargetDependency */ = {
			isa = PBXTargetDependency;
			target = 884834E22882C688000270B7 /* FilmsApp */;
			targetProxy = 884834FA2882C689000270B7 /* PBXContainerItemProxy */;
		};
		884835052882C689000270B7 /* PBXTargetDependency */ = {
			isa = PBXTargetDependency;
			target = 884834E22882C688000270B7 /* FilmsApp */;
			targetProxy = 884835042882C689000270B7 /* PBXContainerItemProxy */;
		};
/* End PBXTargetDependency section */

/* Begin PBXVariantGroup section */
		884834EC2882C688000270B7 /* Main.storyboard */ = {
			isa = PBXVariantGroup;
			children = (
				884834ED2882C688000270B7 /* Base */,
			);
			name = Main.storyboard;
			sourceTree = "<group>";
		};
		884834F12882C689000270B7 /* LaunchScreen.storyboard */ = {
			isa = PBXVariantGroup;
			children = (
				884834F22882C689000270B7 /* Base */,
			);
			name = LaunchScreen.storyboard;
			sourceTree = "<group>";
		};
/* End PBXVariantGroup section */

/* Begin XCBuildConfiguration section */
		8848350B2882C689000270B7 /* Debug */ = {
			isa = XCBuildConfiguration;
			buildSettings = {
				ALWAYS_SEARCH_USER_PATHS = NO;
				CLANG_ANALYZER_NONNULL = YES;
				CLANG_ANALYZER_NUMBER_OBJECT_CONVERSION = YES_AGGRESSIVE;
				CLANG_CXX_LANGUAGE_STANDARD = "gnu++17";
				CLANG_ENABLE_MODULES = YES;
				CLANG_ENABLE_OBJC_ARC = YES;
				CLANG_ENABLE_OBJC_WEAK = YES;
				CLANG_WARN_BLOCK_CAPTURE_AUTORELEASING = YES;
				CLANG_WARN_BOOL_CONVERSION = YES;
				CLANG_WARN_COMMA = YES;
				CLANG_WARN_CONSTANT_CONVERSION = YES;
				CLANG_WARN_DEPRECATED_OBJC_IMPLEMENTATIONS = YES;
				CLANG_WARN_DIRECT_OBJC_ISA_USAGE = YES_ERROR;
				CLANG_WARN_DOCUMENTATION_COMMENTS = YES;
				CLANG_WARN_EMPTY_BODY = YES;
				CLANG_WARN_ENUM_CONVERSION = YES;
				CLANG_WARN_INFINITE_RECURSION = YES;
				CLANG_WARN_INT_CONVERSION = YES;
				CLANG_WARN_NON_LITERAL_NULL_CONVERSION = YES;
				CLANG_WARN_OBJC_IMPLICIT_RETAIN_SELF = YES;
				CLANG_WARN_OBJC_LITERAL_CONVERSION = YES;
				CLANG_WARN_OBJC_ROOT_CLASS = YES_ERROR;
				CLANG_WARN_QUOTED_INCLUDE_IN_FRAMEWORK_HEADER = YES;
				CLANG_WARN_RANGE_LOOP_ANALYSIS = YES;
				CLANG_WARN_STRICT_PROTOTYPES = YES;
				CLANG_WARN_SUSPICIOUS_MOVE = YES;
				CLANG_WARN_UNGUARDED_AVAILABILITY = YES_AGGRESSIVE;
				CLANG_WARN_UNREACHABLE_CODE = YES;
				CLANG_WARN__DUPLICATE_METHOD_MATCH = YES;
				COPY_PHASE_STRIP = NO;
				DEBUG_INFORMATION_FORMAT = dwarf;
				ENABLE_STRICT_OBJC_MSGSEND = YES;
				ENABLE_TESTABILITY = YES;
				GCC_C_LANGUAGE_STANDARD = gnu11;
				GCC_DYNAMIC_NO_PIC = NO;
				GCC_NO_COMMON_BLOCKS = YES;
				GCC_OPTIMIZATION_LEVEL = 0;
				GCC_PREPROCESSOR_DEFINITIONS = (
					"DEBUG=1",
					"$(inherited)",
				);
				GCC_WARN_64_TO_32_BIT_CONVERSION = YES;
				GCC_WARN_ABOUT_RETURN_TYPE = YES_ERROR;
				GCC_WARN_UNDECLARED_SELECTOR = YES;
				GCC_WARN_UNINITIALIZED_AUTOS = YES_AGGRESSIVE;
				GCC_WARN_UNUSED_FUNCTION = YES;
				GCC_WARN_UNUSED_VARIABLE = YES;
				IPHONEOS_DEPLOYMENT_TARGET = 15.5;
				MTL_ENABLE_DEBUG_INFO = INCLUDE_SOURCE;
				MTL_FAST_MATH = YES;
				ONLY_ACTIVE_ARCH = YES;
				SDKROOT = iphoneos;
				SWIFT_ACTIVE_COMPILATION_CONDITIONS = DEBUG;
				SWIFT_OPTIMIZATION_LEVEL = "-Onone";
			};
			name = Debug;
		};
		8848350C2882C689000270B7 /* Release */ = {
			isa = XCBuildConfiguration;
			buildSettings = {
				ALWAYS_SEARCH_USER_PATHS = NO;
				CLANG_ANALYZER_NONNULL = YES;
				CLANG_ANALYZER_NUMBER_OBJECT_CONVERSION = YES_AGGRESSIVE;
				CLANG_CXX_LANGUAGE_STANDARD = "gnu++17";
				CLANG_ENABLE_MODULES = YES;
				CLANG_ENABLE_OBJC_ARC = YES;
				CLANG_ENABLE_OBJC_WEAK = YES;
				CLANG_WARN_BLOCK_CAPTURE_AUTORELEASING = YES;
				CLANG_WARN_BOOL_CONVERSION = YES;
				CLANG_WARN_COMMA = YES;
				CLANG_WARN_CONSTANT_CONVERSION = YES;
				CLANG_WARN_DEPRECATED_OBJC_IMPLEMENTATIONS = YES;
				CLANG_WARN_DIRECT_OBJC_ISA_USAGE = YES_ERROR;
				CLANG_WARN_DOCUMENTATION_COMMENTS = YES;
				CLANG_WARN_EMPTY_BODY = YES;
				CLANG_WARN_ENUM_CONVERSION = YES;
				CLANG_WARN_INFINITE_RECURSION = YES;
				CLANG_WARN_INT_CONVERSION = YES;
				CLANG_WARN_NON_LITERAL_NULL_CONVERSION = YES;
				CLANG_WARN_OBJC_IMPLICIT_RETAIN_SELF = YES;
				CLANG_WARN_OBJC_LITERAL_CONVERSION = YES;
				CLANG_WARN_OBJC_ROOT_CLASS = YES_ERROR;
				CLANG_WARN_QUOTED_INCLUDE_IN_FRAMEWORK_HEADER = YES;
				CLANG_WARN_RANGE_LOOP_ANALYSIS = YES;
				CLANG_WARN_STRICT_PROTOTYPES = YES;
				CLANG_WARN_SUSPICIOUS_MOVE = YES;
				CLANG_WARN_UNGUARDED_AVAILABILITY = YES_AGGRESSIVE;
				CLANG_WARN_UNREACHABLE_CODE = YES;
				CLANG_WARN__DUPLICATE_METHOD_MATCH = YES;
				COPY_PHASE_STRIP = NO;
				DEBUG_INFORMATION_FORMAT = "dwarf-with-dsym";
				ENABLE_NS_ASSERTIONS = NO;
				ENABLE_STRICT_OBJC_MSGSEND = YES;
				GCC_C_LANGUAGE_STANDARD = gnu11;
				GCC_NO_COMMON_BLOCKS = YES;
				GCC_WARN_64_TO_32_BIT_CONVERSION = YES;
				GCC_WARN_ABOUT_RETURN_TYPE = YES_ERROR;
				GCC_WARN_UNDECLARED_SELECTOR = YES;
				GCC_WARN_UNINITIALIZED_AUTOS = YES_AGGRESSIVE;
				GCC_WARN_UNUSED_FUNCTION = YES;
				GCC_WARN_UNUSED_VARIABLE = YES;
				IPHONEOS_DEPLOYMENT_TARGET = 15.5;
				MTL_ENABLE_DEBUG_INFO = NO;
				MTL_FAST_MATH = YES;
				SDKROOT = iphoneos;
				SWIFT_COMPILATION_MODE = wholemodule;
				SWIFT_OPTIMIZATION_LEVEL = "-O";
				VALIDATE_PRODUCT = YES;
			};
			name = Release;
		};
		8848350E2882C689000270B7 /* Debug */ = {
			isa = XCBuildConfiguration;
			buildSettings = {
				ASSETCATALOG_COMPILER_APPICON_NAME = AppIcon;
				ASSETCATALOG_COMPILER_GLOBAL_ACCENT_COLOR_NAME = AccentColor;
				CODE_SIGN_STYLE = Automatic;
				CURRENT_PROJECT_VERSION = 1;
				DEVELOPMENT_TEAM = WAH5D53TCT;
				GENERATE_INFOPLIST_FILE = YES;
				INFOPLIST_FILE = FilmsApp/Info.plist;
				INFOPLIST_KEY_UIApplicationSupportsIndirectInputEvents = YES;
				INFOPLIST_KEY_UILaunchStoryboardName = LaunchScreen;
				INFOPLIST_KEY_UIMainStoryboardFile = Main;
				INFOPLIST_KEY_UISupportedInterfaceOrientations_iPad = "UIInterfaceOrientationPortrait UIInterfaceOrientationPortraitUpsideDown UIInterfaceOrientationLandscapeLeft UIInterfaceOrientationLandscapeRight";
				INFOPLIST_KEY_UISupportedInterfaceOrientations_iPhone = "UIInterfaceOrientationPortrait UIInterfaceOrientationLandscapeLeft UIInterfaceOrientationLandscapeRight";
				LD_RUNPATH_SEARCH_PATHS = (
					"$(inherited)",
					"@executable_path/Frameworks",
				);
				MARKETING_VERSION = 1.0;
				PRODUCT_BUNDLE_IDENTIFIER = TNS.FilmsApp;
				PRODUCT_NAME = "$(TARGET_NAME)";
				SWIFT_EMIT_LOC_STRINGS = YES;
				SWIFT_VERSION = 5.0;
				TARGETED_DEVICE_FAMILY = 1;
			};
			name = Debug;
		};
		8848350F2882C689000270B7 /* Release */ = {
			isa = XCBuildConfiguration;
			buildSettings = {
				ASSETCATALOG_COMPILER_APPICON_NAME = AppIcon;
				ASSETCATALOG_COMPILER_GLOBAL_ACCENT_COLOR_NAME = AccentColor;
				CODE_SIGN_STYLE = Automatic;
				CURRENT_PROJECT_VERSION = 1;
				DEVELOPMENT_TEAM = WAH5D53TCT;
				GENERATE_INFOPLIST_FILE = YES;
				INFOPLIST_FILE = FilmsApp/Info.plist;
				INFOPLIST_KEY_UIApplicationSupportsIndirectInputEvents = YES;
				INFOPLIST_KEY_UILaunchStoryboardName = LaunchScreen;
				INFOPLIST_KEY_UIMainStoryboardFile = Main;
				INFOPLIST_KEY_UISupportedInterfaceOrientations_iPad = "UIInterfaceOrientationPortrait UIInterfaceOrientationPortraitUpsideDown UIInterfaceOrientationLandscapeLeft UIInterfaceOrientationLandscapeRight";
				INFOPLIST_KEY_UISupportedInterfaceOrientations_iPhone = "UIInterfaceOrientationPortrait UIInterfaceOrientationLandscapeLeft UIInterfaceOrientationLandscapeRight";
				LD_RUNPATH_SEARCH_PATHS = (
					"$(inherited)",
					"@executable_path/Frameworks",
				);
				MARKETING_VERSION = 1.0;
				PRODUCT_BUNDLE_IDENTIFIER = TNS.FilmsApp;
				PRODUCT_NAME = "$(TARGET_NAME)";
				SWIFT_EMIT_LOC_STRINGS = YES;
				SWIFT_VERSION = 5.0;
				TARGETED_DEVICE_FAMILY = 1;
			};
			name = Release;
		};
		884835112882C689000270B7 /* Debug */ = {
			isa = XCBuildConfiguration;
			buildSettings = {
				ALWAYS_EMBED_SWIFT_STANDARD_LIBRARIES = YES;
				BUNDLE_LOADER = "$(TEST_HOST)";
				CODE_SIGN_STYLE = Automatic;
				CURRENT_PROJECT_VERSION = 1;
				DEVELOPMENT_TEAM = WAH5D53TCT;
				GENERATE_INFOPLIST_FILE = YES;
				IPHONEOS_DEPLOYMENT_TARGET = 15.5;
				MARKETING_VERSION = 1.0;
				PRODUCT_BUNDLE_IDENTIFIER = TNS.FilmsAppTests;
				PRODUCT_NAME = "$(TARGET_NAME)";
				SWIFT_EMIT_LOC_STRINGS = NO;
				SWIFT_VERSION = 5.0;
				TARGETED_DEVICE_FAMILY = "1,2";
				TEST_HOST = "$(BUILT_PRODUCTS_DIR)/FilmsApp.app/FilmsApp";
			};
			name = Debug;
		};
		884835122882C689000270B7 /* Release */ = {
			isa = XCBuildConfiguration;
			buildSettings = {
				ALWAYS_EMBED_SWIFT_STANDARD_LIBRARIES = YES;
				BUNDLE_LOADER = "$(TEST_HOST)";
				CODE_SIGN_STYLE = Automatic;
				CURRENT_PROJECT_VERSION = 1;
				DEVELOPMENT_TEAM = WAH5D53TCT;
				GENERATE_INFOPLIST_FILE = YES;
				IPHONEOS_DEPLOYMENT_TARGET = 15.5;
				MARKETING_VERSION = 1.0;
				PRODUCT_BUNDLE_IDENTIFIER = TNS.FilmsAppTests;
				PRODUCT_NAME = "$(TARGET_NAME)";
				SWIFT_EMIT_LOC_STRINGS = NO;
				SWIFT_VERSION = 5.0;
				TARGETED_DEVICE_FAMILY = "1,2";
				TEST_HOST = "$(BUILT_PRODUCTS_DIR)/FilmsApp.app/FilmsApp";
			};
			name = Release;
		};
		884835142882C689000270B7 /* Debug */ = {
			isa = XCBuildConfiguration;
			buildSettings = {
				ALWAYS_EMBED_SWIFT_STANDARD_LIBRARIES = YES;
				CODE_SIGN_STYLE = Automatic;
				CURRENT_PROJECT_VERSION = 1;
				DEVELOPMENT_TEAM = WAH5D53TCT;
				GENERATE_INFOPLIST_FILE = YES;
				MARKETING_VERSION = 1.0;
				PRODUCT_BUNDLE_IDENTIFIER = TNS.FilmsAppUITests;
				PRODUCT_NAME = "$(TARGET_NAME)";
				SWIFT_EMIT_LOC_STRINGS = NO;
				SWIFT_VERSION = 5.0;
				TARGETED_DEVICE_FAMILY = "1,2";
				TEST_TARGET_NAME = FilmsApp;
			};
			name = Debug;
		};
		884835152882C689000270B7 /* Release */ = {
			isa = XCBuildConfiguration;
			buildSettings = {
				ALWAYS_EMBED_SWIFT_STANDARD_LIBRARIES = YES;
				CODE_SIGN_STYLE = Automatic;
				CURRENT_PROJECT_VERSION = 1;
				DEVELOPMENT_TEAM = WAH5D53TCT;
				GENERATE_INFOPLIST_FILE = YES;
				MARKETING_VERSION = 1.0;
				PRODUCT_BUNDLE_IDENTIFIER = TNS.FilmsAppUITests;
				PRODUCT_NAME = "$(TARGET_NAME)";
				SWIFT_EMIT_LOC_STRINGS = NO;
				SWIFT_VERSION = 5.0;
				TARGETED_DEVICE_FAMILY = "1,2";
				TEST_TARGET_NAME = FilmsApp;
			};
			name = Release;
		};
/* End XCBuildConfiguration section */

/* Begin XCConfigurationList section */
		884834DE2882C688000270B7 /* Build configuration list for PBXProject "FilmsApp" */ = {
			isa = XCConfigurationList;
			buildConfigurations = (
				8848350B2882C689000270B7 /* Debug */,
				8848350C2882C689000270B7 /* Release */,
			);
			defaultConfigurationIsVisible = 0;
			defaultConfigurationName = Release;
		};
		8848350D2882C689000270B7 /* Build configuration list for PBXNativeTarget "FilmsApp" */ = {
			isa = XCConfigurationList;
			buildConfigurations = (
				8848350E2882C689000270B7 /* Debug */,
				8848350F2882C689000270B7 /* Release */,
			);
			defaultConfigurationIsVisible = 0;
			defaultConfigurationName = Release;
		};
		884835102882C689000270B7 /* Build configuration list for PBXNativeTarget "FilmsAppTests" */ = {
			isa = XCConfigurationList;
			buildConfigurations = (
				884835112882C689000270B7 /* Debug */,
				884835122882C689000270B7 /* Release */,
			);
			defaultConfigurationIsVisible = 0;
			defaultConfigurationName = Release;
		};
		884835132882C689000270B7 /* Build configuration list for PBXNativeTarget "FilmsAppUITests" */ = {
			isa = XCConfigurationList;
			buildConfigurations = (
				884835142882C689000270B7 /* Debug */,
				884835152882C689000270B7 /* Release */,
			);
			defaultConfigurationIsVisible = 0;
			defaultConfigurationName = Release;
		};
/* End XCConfigurationList section */
	};
	rootObject = 884834DB2882C688000270B7 /* Project object */;
}
